// !$*UTF8*$!
{
	archiveVersion = 1;
	classes = {
	};
	objectVersion = 50;
	objects = {

/* Begin PBXBuildFile section */
		DBAAE26024A33EE700CD5986 /* main.cpp in Sources */ = {isa = PBXBuildFile; fileRef = DBAAE25F24A33EE700CD5986 /* main.cpp */; };
		DBAAE26824A33F2E00CD5986 /* OpenGL.framework in Frameworks */ = {isa = PBXBuildFile; fileRef = DBAAE26724A33F2E00CD5986 /* OpenGL.framework */; };
		DBAAE26A24A33F3500CD5986 /* GLUT.framework in Frameworks */ = {isa = PBXBuildFile; fileRef = DBAAE26924A33F3500CD5986 /* GLUT.framework */; };
		DBAAE26F24A3407400CD5986 /* Mesh.cpp in Sources */ = {isa = PBXBuildFile; fileRef = DBAAE26D24A3407400CD5986 /* Mesh.cpp */; };
		DBAAE27024A3407400CD5986 /* supportClass.cpp in Sources */ = {isa = PBXBuildFile; fileRef = DBAAE26E24A3407400CD5986 /* supportClass.cpp */; };
/* End PBXBuildFile section */

/* Begin PBXCopyFilesBuildPhase section */
		DBAAE25A24A33EE700CD5986 /* CopyFiles */ = {
			isa = PBXCopyFilesBuildPhase;
			buildActionMask = 2147483647;
			dstPath = /usr/share/man/man1/;
			dstSubfolderSpec = 0;
			files = (
			);
			runOnlyForDeploymentPostprocessing = 1;
		};
/* End PBXCopyFilesBuildPhase section */

/* Begin PBXFileReference section */
		DBAAE25C24A33EE700CD5986 /* Lab 3 Ass */ = {isa = PBXFileReference; explicitFileType = "compiled.mach-o.executable"; includeInIndex = 0; path = "Lab 3 Ass"; sourceTree = BUILT_PRODUCTS_DIR; };
		DBAAE25F24A33EE700CD5986 /* main.cpp */ = {isa = PBXFileReference; lastKnownFileType = sourcecode.cpp.cpp; path = main.cpp; sourceTree = "<group>"; };
		DBAAE26724A33F2E00CD5986 /* OpenGL.framework */ = {isa = PBXFileReference; lastKnownFileType = wrapper.framework; name = OpenGL.framework; path = System/Library/Frameworks/OpenGL.framework; sourceTree = SDKROOT; };
		DBAAE26924A33F3500CD5986 /* GLUT.framework */ = {isa = PBXFileReference; lastKnownFileType = wrapper.framework; name = GLUT.framework; path = System/Library/Frameworks/GLUT.framework; sourceTree = SDKROOT; };
		DBAAE26B24A33F7400CD5986 /* Mesh.h */ = {isa = PBXFileReference; fileEncoding = 4; lastKnownFileType = sourcecode.c.h; path = Mesh.h; sourceTree = "<group>"; };
		DBAAE26C24A33F7400CD5986 /* supportClass.h */ = {isa = PBXFileReference; fileEncoding = 4; lastKnownFileType = sourcecode.c.h; path = supportClass.h; sourceTree = "<group>"; };
		DBAAE26D24A3407400CD5986 /* Mesh.cpp */ = {isa = PBXFileReference; fileEncoding = 4; lastKnownFileType = sourcecode.cpp.cpp; path = Mesh.cpp; sourceTree = "<group>"; };
		DBAAE26E24A3407400CD5986 /* supportClass.cpp */ = {isa = PBXFileReference; fileEncoding = 4; lastKnownFileType = sourcecode.cpp.cpp; path = supportClass.cpp; sourceTree = "<group>"; };
/* End PBXFileReference section */

/* Begin PBXFrameworksBuildPhase section */
		DBAAE25924A33EE700CD5986 /* Frameworks */ = {
			isa = PBXFrameworksBuildPhase;
			buildActionMask = 2147483647;
			files = (
				DBAAE26A24A33F3500CD5986 /* GLUT.framework in Frameworks */,
				DBAAE26824A33F2E00CD5986 /* OpenGL.framework in Frameworks */,
			);
			runOnlyForDeploymentPostprocessing = 0;
		};
/* End PBXFrameworksBuildPhase section */

/* Begin PBXGroup section */
		DBAAE25324A33EE700CD5986 = {
			isa = PBXGroup;
			children = (
				DBAAE25E24A33EE700CD5986 /* Lab 3 Ass */,
				DBAAE25D24A33EE700CD5986 /* Products */,
				DBAAE26B24A33F7400CD5986 /* Mesh.h */,
				DBAAE26C24A33F7400CD5986 /* supportClass.h */,
				DBAAE26624A33F2E00CD5986 /* Frameworks */,
			);
			sourceTree = "<group>";
		};
		DBAAE25D24A33EE700CD5986 /* Products */ = {
			isa = PBXGroup;
			children = (
				DBAAE25C24A33EE700CD5986 /* Lab 3 Ass */,
			);
			name = Products;
			sourceTree = "<group>";
		};
		DBAAE25E24A33EE700CD5986 /* Lab 3 Ass */ = {
			isa = PBXGroup;
			children = (
				DBAAE26D24A3407400CD5986 /* Mesh.cpp */,
				DBAAE26E24A3407400CD5986 /* supportClass.cpp */,
				DBAAE25F24A33EE700CD5986 /* main.cpp */,
			);
			path = "Lab 3 Ass";
			sourceTree = "<group>";
		};
		DBAAE26624A33F2E00CD5986 /* Frameworks */ = {
			isa = PBXGroup;
			children = (
				DBAAE26924A33F3500CD5986 /* GLUT.framework */,
				DBAAE26724A33F2E00CD5986 /* OpenGL.framework */,
			);
			name = Frameworks;
			sourceTree = "<group>";
		};
/* End PBXGroup section */

/* Begin PBXNativeTarget section */
		DBAAE25B24A33EE700CD5986 /* Lab 3 Ass */ = {
			isa = PBXNativeTarget;
			buildConfigurationList = DBAAE26324A33EE700CD5986 /* Build configuration list for PBXNativeTarget "Lab 3 Ass" */;
			buildPhases = (
				DBAAE25824A33EE700CD5986 /* Sources */,
				DBAAE25924A33EE700CD5986 /* Frameworks */,
				DBAAE25A24A33EE700CD5986 /* CopyFiles */,
			);
			buildRules = (
			);
			dependencies = (
			);
			name = "Lab 3 Ass";
			productName = "Lab 3 Ass";
			productReference = DBAAE25C24A33EE700CD5986 /* Lab 3 Ass */;
			productType = "com.apple.product-type.tool";
		};
/* End PBXNativeTarget section */

/* Begin PBXProject section */
		DBAAE25424A33EE700CD5986 /* Project object */ = {
			isa = PBXProject;
			attributes = {
				LastUpgradeCheck = 1150;
				ORGANIZATIONNAME = "Le Quan";
				TargetAttributes = {
					DBAAE25B24A33EE700CD5986 = {
						CreatedOnToolsVersion = 11.5;
					};
				};
			};
			buildConfigurationList = DBAAE25724A33EE700CD5986 /* Build configuration list for PBXProject "Lab 3 Ass" */;
			compatibilityVersion = "Xcode 9.3";
			developmentRegion = en;
			hasScannedForEncodings = 0;
			knownRegions = (
				en,
				Base,
			);
			mainGroup = DBAAE25324A33EE700CD5986;
			productRefGroup = DBAAE25D24A33EE700CD5986 /* Products */;
			projectDirPath = "";
			projectRoot = "";
			targets = (
				DBAAE25B24A33EE700CD5986 /* Lab 3 Ass */,
			);
		};
/* End PBXProject section */

/* Begin PBXSourcesBuildPhase section */
		DBAAE25824A33EE700CD5986 /* Sources */ = {
			isa = PBXSourcesBuildPhase;
			buildActionMask = 2147483647;
			files = (
				DBAAE26F24A3407400CD5986 /* Mesh.cpp in Sources */,
				DBAAE27024A3407400CD5986 /* supportClass.cpp in Sources */,
				DBAAE26024A33EE700CD5986 /* main.cpp in Sources */,
			);
			runOnlyForDeploymentPostprocessing = 0;
		};
/* End PBXSourcesBuildPhase section */

/* Begin XCBuildConfiguration section */
		DBAAE26124A33EE700CD5986 /* Debug */ = {
			isa = XCBuildConfiguration;
			buildSettings = {
				ALWAYS_SEARCH_USER_PATHS = NO;
				CLANG_ANALYZER_NONNULL = YES;
				CLANG_ANALYZER_NUMBER_OBJECT_CONVERSION = YES_AGGRESSIVE;
				CLANG_CXX_LANGUAGE_STANDARD = "gnu++14";
				CLANG_CXX_LIBRARY = "libc++";
				CLANG_ENABLE_MODULES = YES;
				CLANG_ENABLE_OBJC_ARC = YES;
				CLANG_ENABLE_OBJC_WEAK = YES;
				CLANG_WARN_BLOCK_CAPTURE_AUTORELEASING = YES;
				CLANG_WARN_BOOL_CONVERSION = YES;
				CLANG_WARN_COMMA = YES;
				CLANG_WARN_CONSTANT_CONVERSION = YES;
				CLANG_WARN_DEPRECATED_OBJC_IMPLEMENTATIONS = YES;
				CLANG_WARN_DIRECT_OBJC_ISA_USAGE = YES_ERROR;
				CLANG_WARN_DOCUMENTATION_COMMENTS = YES;
				CLANG_WARN_EMPTY_BODY = YES;
				CLANG_WARN_ENUM_CONVERSION = YES;
				CLANG_WARN_INFINITE_RECURSION = YES;
				CLANG_WARN_INT_CONVERSION = YES;
				CLANG_WARN_NON_LITERAL_NULL_CONVERSION = YES;
				CLANG_WARN_OBJC_IMPLICIT_RETAIN_SELF = YES;
				CLANG_WARN_OBJC_LITERAL_CONVERSION = YES;
				CLANG_WARN_OBJC_ROOT_CLASS = YES_ERROR;
				CLANG_WARN_RANGE_LOOP_ANALYSIS = YES;
				CLANG_WARN_STRICT_PROTOTYPES = YES;
				CLANG_WARN_SUSPICIOUS_MOVE = YES;
				CLANG_WARN_UNGUARDED_AVAILABILITY = YES_AGGRESSIVE;
				CLANG_WARN_UNREACHABLE_CODE = YES;
				CLANG_WARN__DUPLICATE_METHOD_MATCH = YES;
				COPY_PHASE_STRIP = NO;
				DEBUG_INFORMATION_FORMAT = dwarf;
				ENABLE_STRICT_OBJC_MSGSEND = YES;
				ENABLE_TESTABILITY = YES;
				GCC_C_LANGUAGE_STANDARD = gnu11;
				GCC_DYNAMIC_NO_PIC = NO;
				GCC_NO_COMMON_BLOCKS = YES;
				GCC_OPTIMIZATION_LEVEL = 0;
				GCC_PREPROCESSOR_DEFINITIONS = (
					"DEBUG=1",
					"$(inherited)",
				);
				GCC_WARN_64_TO_32_BIT_CONVERSION = YES;
				GCC_WARN_ABOUT_RETURN_TYPE = YES_ERROR;
				GCC_WARN_UNDECLARED_SELECTOR = YES;
				GCC_WARN_UNINITIALIZED_AUTOS = YES_AGGRESSIVE;
				GCC_WARN_UNUSED_FUNCTION = YES;
				GCC_WARN_UNUSED_VARIABLE = YES;
				MACOSX_DEPLOYMENT_TARGET = 10.15;
				MTL_ENABLE_DEBUG_INFO = INCLUDE_SOURCE;
				MTL_FAST_MATH = YES;
				ONLY_ACTIVE_ARCH = YES;
				SDKROOT = macosx;
			};
			name = Debug;
		};
		DBAAE26224A33EE700CD5986 /* Release */ = {
			isa = XCBuildConfiguration;
			buildSettings = {
				ALWAYS_SEARCH_USER_PATHS = NO;
				CLANG_ANALYZER_NONNULL = YES;
				CLANG_ANALYZER_NUMBER_OBJECT_CONVERSION = YES_AGGRESSIVE;
				CLANG_CXX_LANGUAGE_STANDARD = "gnu++14";
				CLANG_CXX_LIBRARY = "libc++";
				CLANG_ENABLE_MODULES = YES;
				CLANG_ENABLE_OBJC_ARC = YES;
				CLANG_ENABLE_OBJC_WEAK = YES;
				CLANG_WARN_BLOCK_CAPTURE_AUTORELEASING = YES;
				CLANG_WARN_BOOL_CONVERSION = YES;
				CLANG_WARN_COMMA = YES;
				CLANG_WARN_CONSTANT_CONVERSION = YES;
				CLANG_WARN_DEPRECATED_OBJC_IMPLEMENTATIONS = YES;
				CLANG_WARN_DIRECT_OBJC_ISA_USAGE = YES_ERROR;
				CLANG_WARN_DOCUMENTATION_COMMENTS = YES;
				CLANG_WARN_EMPTY_BODY = YES;
				CLANG_WARN_ENUM_CONVERSION = YES;
				CLANG_WARN_INFINITE_RECURSION = YES;
				CLANG_WARN_INT_CONVERSION = YES;
				CLANG_WARN_NON_LITERAL_NULL_CONVERSION = YES;
				CLANG_WARN_OBJC_IMPLICIT_RETAIN_SELF = YES;
				CLANG_WARN_OBJC_LITERAL_CONVERSION = YES;
				CLANG_WARN_OBJC_ROOT_CLASS = YES_ERROR;
				CLANG_WARN_RANGE_LOOP_ANALYSIS = YES;
				CLANG_WARN_STRICT_PROTOTYPES = YES;
				CLANG_WARN_SUSPICIOUS_MOVE = YES;
				CLANG_WARN_UNGUARDED_AVAILABILITY = YES_AGGRESSIVE;
				CLANG_WARN_UNREACHABLE_CODE = YES;
				CLANG_WARN__DUPLICATE_METHOD_MATCH = YES;
				COPY_PHASE_STRIP = NO;
				DEBUG_INFORMATION_FORMAT = "dwarf-with-dsym";
				ENABLE_NS_ASSERTIONS = NO;
				ENABLE_STRICT_OBJC_MSGSEND = YES;
				GCC_C_LANGUAGE_STANDARD = gnu11;
				GCC_NO_COMMON_BLOCKS = YES;
				GCC_WARN_64_TO_32_BIT_CONVERSION = YES;
				GCC_WARN_ABOUT_RETURN_TYPE = YES_ERROR;
				GCC_WARN_UNDECLARED_SELECTOR = YES;
				GCC_WARN_UNINITIALIZED_AUTOS = YES_AGGRESSIVE;
				GCC_WARN_UNUSED_FUNCTION = YES;
				GCC_WARN_UNUSED_VARIABLE = YES;
				MACOSX_DEPLOYMENT_TARGET = 10.15;
				MTL_ENABLE_DEBUG_INFO = NO;
				MTL_FAST_MATH = YES;
				SDKROOT = macosx;
			};
			name = Release;
		};
		DBAAE26424A33EE700CD5986 /* Debug */ = {
			isa = XCBuildConfiguration;
			buildSettings = {
				CODE_SIGN_STYLE = Automatic;
				PRODUCT_NAME = "$(TARGET_NAME)";
			};
			name = Debug;
		};
		DBAAE26524A33EE700CD5986 /* Release */ = {
			isa = XCBuildConfiguration;
			buildSettings = {
				CODE_SIGN_STYLE = Automatic;
				PRODUCT_NAME = "$(TARGET_NAME)";
			};
			name = Release;
		};
/* End XCBuildConfiguration section */

/* Begin XCConfigurationList section */
		DBAAE25724A33EE700CD5986 /* Build configuration list for PBXProject "Lab 3 Ass" */ = {
			isa = XCConfigurationList;
			buildConfigurations = (
				DBAAE26124A33EE700CD5986 /* Debug */,
				DBAAE26224A33EE700CD5986 /* Release */,
			);
			defaultConfigurationIsVisible = 0;
			defaultConfigurationName = Release;
		};
		DBAAE26324A33EE700CD5986 /* Build configuration list for PBXNativeTarget "Lab 3 Ass" */ = {
			isa = XCConfigurationList;
			buildConfigurations = (
				DBAAE26424A33EE700CD5986 /* Debug */,
				DBAAE26524A33EE700CD5986 /* Release */,
			);
			defaultConfigurationIsVisible = 0;
			defaultConfigurationName = Release;
		};
/* End XCConfigurationList section */
	};
	rootObject = DBAAE25424A33EE700CD5986 /* Project object */;
}
